<?xml version="1.0" encoding="UTF-8"?>
<Scheme
   LastUpgradeVersion = "1500"
   version = "1.7">
   <BuildAction
      parallelizeBuildables = "NO"
      buildImplicitDependencies = "YES">
      <BuildActionEntries>
         <BuildActionEntry
            buildForTesting = "YES"
            buildForRunning = "YES"
            buildForProfiling = "NO"
            buildForArchiving = "NO"
            buildForAnalyzing = "NO">
            <BuildableReference
               BuildableIdentifier = "primary"
               BlueprintIdentifier = "BTGT"
               BuildableName = "Lumen.app"
               BlueprintName = "Lumen"
               ReferencedContainer = "container:Lumen.xcodeproj">
            </BuildableReference>
         </BuildActionEntry>
         <BuildActionEntry
            buildForTesting = "YES"
            buildForRunning = "NO"
            buildForProfiling = "NO"
            buildForArchiving = "NO"
            buildForAnalyzing = "NO">
            <BuildableReference
               BuildableIdentifier = "primary"
               BlueprintIdentifier = "04B5D9E12E92F866D78E8803"
               BuildableName = "LumenTests.xctest"
               BlueprintName = "LumenTests"
               ReferencedContainer = "container:Lumen.xcodeproj">
            </BuildableReference>
         </BuildActionEntry>
      </BuildActionEntries>
   </BuildAction>
   <TestAction
      buildConfiguration = "Debug"
      selectedDebuggerIdentifier = "Xcode.DebuggerFoundation.Debugger.LLDB"
      selectedLauncherIdentifier = "Xcode.DebuggerFoundation.Launcher.LLDB"
      shouldUseLaunchSchemeArgsEnv = "YES"
      shouldAutocreateTestPlan = "YES">
      <Testables>
         <TestableReference
            skipped = "NO"
            parallelizable = "YES">
            <BuildableReference
               BuildableIdentifier = "primary"
               BlueprintIdentifier = "04B5D9E12E92F866D78E8803"
               BuildableName = "LumenTests.xctest"
               BlueprintName = "LumenTests"
               ReferencedContainer = "container:Lumen.xcodeproj">
            </BuildableReference>
         </TestableReference>
      </Testables>
   </TestAction>
   <LaunchAction
      buildConfiguration = "Debug"
      savedToolIdentifier = ""
      useCustomWorkingDirectory = "NO"
      asksForUserActivity = "NO">
   </LaunchAction>
   <ProfileAction
      buildConfiguration = "Release"
      savedToolIdentifier = ""
      useCustomWorkingDirectory = "NO"
      asksForUserActivity = "NO">
   </ProfileAction>
   <AnalyzeAction
      buildConfiguration = "Debug">
   </AnalyzeAction>
   <ArchiveAction
      buildConfiguration = "Release"
      revealsLocationInWorkspace = "NO">
   </ArchiveAction>
</Scheme>
